
Microsoft Visual Studio Solution File, Format Version 12.00
# Visual Studio Version 17
VisualStudioVersion = 17.0.31903.59
MinimumVisualStudioVersion = 10.0.40219.1
Project("{FAE04EC0-301F-11D3-BF4B-00C04F79EFBC}") = "SeriesApp", "SeriesApp.csproj", "{EFDDF360-9E23-46B8-83E4-E20D999CFE07}"
EndProject
Global
	GlobalSection(SolutionConfigurationPlatforms) = preSolution
		Debug|Any CPU = Debug|Any CPU
		Release|Any CPU = Release|Any CPU
	EndGlobalSection
	GlobalSection(ProjectConfigurationPlatforms) = postSolution
		{EFDDF360-9E23-46B8-83E4-E20D999CFE07}.Debug|Any CPU.ActiveCfg = Debug|Any CPU
		{EFDDF360-9E23-46B8-83E4-E20D999CFE07}.Debug|Any CPU.Build.0 = Debug|Any CPU
		{EFDDF360-9E23-46B8-83E4-E20D999CFE07}.Release|Any CPU.ActiveCfg = Release|Any CPU
		{EFDDF360-9E23-46B8-83E4-E20D999CFE07}.Release|Any CPU.Build.0 = Release|Any CPU
	EndGlobalSection
	GlobalSection(SolutionProperties) = preSolution
		HideSolutionNode = FALSE
	EndGlobalSection
	GlobalSection(ExtensibilityGlobals) = postSolution
		SolutionGuid = {B80A857C-D0CE-4E12-A398-FAB12C400474}
	EndGlobalSection
EndGlobal
